<?xml version="1.0" encoding="utf-8"?>
<Project ToolsVersion="17.0" xmlns="http://schemas.microsoft.com/developer/msbuild/2003">
  <ItemGroup>
    <ClCompile Include="S:\sistema-domotico\src\device.cc">
      <Filter>Source Files</Filter>
    </ClCompile>
    <ClCompile Include="S:\sistema-domotico\src\domotics_system.cc">
      <Filter>Source Files</Filter>
    </ClCompile>
    <ClCompile Include="S:\sistema-domotico\src\main.cc">
      <Filter>Source Files</Filter>
    </ClCompile>
    <ClCompile Include="S:\sistema-domotico\src\manual_device.cc">
      <Filter>Source Files</Filter>
    </ClCompile>
    <ClCompile Include="S:\sistema-domotico\src\prefixed_cycle_device.cc">
      <Filter>Source Files</Filter>
    </ClCompile>
    <ClCompile Include="S:\sistema-domotico\src\time.cc">
      <Filter>Source Files</Filter>
    </ClCompile>
  </ItemGroup>
  <ItemGroup>
    <CustomBuild Include="S:\sistema-domotico\CMakeLists.txt" />
  </ItemGroup>
  <ItemGroup>
    <None Include="S:\sistema-domotico\include" />
  </ItemGroup>
  <ItemGroup>
    <Filter Include="Source Files">
      <UniqueIdentifier>{AD17BC90-940C-34C6-B439-4E0833A91DE0}</UniqueIdentifier>
    </Filter>
  </ItemGroup>
</Project>
