
Microsoft Visual Studio Solution File, Format Version 12.00
# Visual Studio Version 17
Project("{2150E333-8FDC-42A3-9474-1A3956D46DE8}") = "CMakePredefinedTargets", "CMakePredefinedTargets", "{B3340F71-CCF3-312D-BA0B-99092348A711}"
EndProject
Project("{8BC9CEB8-8B4A-11D0-8D11-00A0C91BC942}") = "ALL_BUILD", "ALL_BUILD.vcxproj", "{174539CD-77EE-3117-838F-9116F3993BDA}"
	ProjectSection(ProjectDependencies) = postProject
		{F6A63BBE-330E-37F1-BF35-233DE980EEAC} = {F6A63BBE-330E-37F1-BF35-233DE980EEAC}
		{8590B5FE-E490-3657-A5CA-788E80AFAF33} = {8590B5FE-E490-3657-A5CA-788E80AFAF33}
	EndProjectSection
EndProject
Project("{8BC9CEB8-8B4A-11D0-8D11-00A0C91BC942}") = "ZERO_CHECK", "ZERO_CHECK.vcxproj", "{F6A63BBE-330E-37F1-BF35-233DE980EEAC}"
	ProjectSection(ProjectDependencies) = postProject
	EndProjectSection
EndProject
Project("{8BC9CEB8-8B4A-11D0-8D11-00A0C91BC942}") = "lab8", "lab8.vcxproj", "{8590B5FE-E490-3657-A5CA-788E80AFAF33}"
	ProjectSection(ProjectDependencies) = postProject
		{F6A63BBE-330E-37F1-BF35-233DE980EEAC} = {F6A63BBE-330E-37F1-BF35-233DE980EEAC}
	EndProjectSection
EndProject
Global
	GlobalSection(SolutionConfigurationPlatforms) = preSolution
		Debug|x64 = Debug|x64
		Release|x64 = Release|x64
		MinSizeRel|x64 = MinSizeRel|x64
		RelWithDebInfo|x64 = RelWithDebInfo|x64
	EndGlobalSection
	GlobalSection(ProjectConfigurationPlatforms) = postSolution
		{174539CD-77EE-3117-838F-9116F3993BDA}.Debug|x64.ActiveCfg = Debug|x64
		{174539CD-77EE-3117-838F-9116F3993BDA}.Release|x64.ActiveCfg = Release|x64
		{174539CD-77EE-3117-838F-9116F3993BDA}.MinSizeRel|x64.ActiveCfg = MinSizeRel|x64
		{174539CD-77EE-3117-838F-9116F3993BDA}.RelWithDebInfo|x64.ActiveCfg = RelWithDebInfo|x64
		{F6A63BBE-330E-37F1-BF35-233DE980EEAC}.Debug|x64.ActiveCfg = Debug|x64
		{F6A63BBE-330E-37F1-BF35-233DE980EEAC}.Debug|x64.Build.0 = Debug|x64
		{F6A63BBE-330E-37F1-BF35-233DE980EEAC}.Release|x64.ActiveCfg = Release|x64
		{F6A63BBE-330E-37F1-BF35-233DE980EEAC}.Release|x64.Build.0 = Release|x64
		{F6A63BBE-330E-37F1-BF35-233DE980EEAC}.MinSizeRel|x64.ActiveCfg = MinSizeRel|x64
		{F6A63BBE-330E-37F1-BF35-233DE980EEAC}.MinSizeRel|x64.Build.0 = MinSizeRel|x64
		{F6A63BBE-330E-37F1-BF35-233DE980EEAC}.RelWithDebInfo|x64.ActiveCfg = RelWithDebInfo|x64
		{F6A63BBE-330E-37F1-BF35-233DE980EEAC}.RelWithDebInfo|x64.Build.0 = RelWithDebInfo|x64
		{8590B5FE-E490-3657-A5CA-788E80AFAF33}.Debug|x64.ActiveCfg = Debug|x64
		{8590B5FE-E490-3657-A5CA-788E80AFAF33}.Debug|x64.Build.0 = Debug|x64
		{8590B5FE-E490-3657-A5CA-788E80AFAF33}.Release|x64.ActiveCfg = Release|x64
		{8590B5FE-E490-3657-A5CA-788E80AFAF33}.Release|x64.Build.0 = Release|x64
		{8590B5FE-E490-3657-A5CA-788E80AFAF33}.MinSizeRel|x64.ActiveCfg = MinSizeRel|x64
		{8590B5FE-E490-3657-A5CA-788E80AFAF33}.MinSizeRel|x64.Build.0 = MinSizeRel|x64
		{8590B5FE-E490-3657-A5CA-788E80AFAF33}.RelWithDebInfo|x64.ActiveCfg = RelWithDebInfo|x64
		{8590B5FE-E490-3657-A5CA-788E80AFAF33}.RelWithDebInfo|x64.Build.0 = RelWithDebInfo|x64
	EndGlobalSection
	GlobalSection(NestedProjects) = preSolution
		{174539CD-77EE-3117-838F-9116F3993BDA} = {B3340F71-CCF3-312D-BA0B-99092348A711}
		{F6A63BBE-330E-37F1-BF35-233DE980EEAC} = {B3340F71-CCF3-312D-BA0B-99092348A711}
	EndGlobalSection
	GlobalSection(ExtensibilityGlobals) = postSolution
		SolutionGuid = {34543AD9-7FD7-3F3C-ABD9-A5B72B3399AE}
	EndGlobalSection
	GlobalSection(ExtensibilityAddIns) = postSolution
	EndGlobalSection
EndGlobal
