<?xml version="1.0" encoding="utf-8"?>
<Project ToolsVersion="17.0" xmlns="http://schemas.microsoft.com/developer/msbuild/2003">
  <ItemGroup>
    <CustomBuild Include="S:\sistema-domotico\CMakeFiles\99b2cd9dd6d8654606a0daf04adf74e1\generate.stamp.rule">
      <Filter>CMake Rules</Filter>
    </CustomBuild>
  </ItemGroup>
  <ItemGroup>
    <Filter Include="CMake Rules">
      <UniqueIdentifier>{CA811B70-530F-307A-982F-2646AB4C278C}</UniqueIdentifier>
    </Filter>
  </ItemGroup>
</Project>
